// !$*UTF8*$!
{
	archiveVersion = 1;
	classes = {
	};
	objectVersion = 56;
	objects = {

/* Begin PBXBuildFile section */
		0992D10B2BECF79F00E508BF /* Error.swift in Sources */ = {isa = PBXBuildFile; fileRef = 0992D10A2BECF79F00E508BF /* Error.swift */; };
		0992D10D2BED9BE300E508BF /* ActivityIndicatorView+Extension.swift in Sources */ = {isa = PBXBuildFile; fileRef = 0992D10C2BED9BE300E508BF /* ActivityIndicatorView+Extension.swift */; };
		09DEABCA2BEA4052004246E8 /* UrlConstants.swift in Sources */ = {isa = PBXBuildFile; fileRef = 09DEABC92BEA4052004246E8 /* UrlConstants.swift */; };
		09DEABCD2BEA5008004246E8 /* TokenManger.swift in Sources */ = {isa = PBXBuildFile; fileRef = 09DEABCC2BEA5008004246E8 /* TokenManger.swift */; };
		09DEABD02BEA6CCD004246E8 /* TextField+Extension.swift in Sources */ = {isa = PBXBuildFile; fileRef = 09DEABCF2BEA6CCD004246E8 /* TextField+Extension.swift */; };
		09DEABD32BEA78B7004246E8 /* UserListTableViewCell.swift in Sources */ = {isa = PBXBuildFile; fileRef = 09DEABD22BEA78B7004246E8 /* UserListTableViewCell.swift */; };
		09DEABD52BEB7B7A004246E8 /* EmptyView.swift in Sources */ = {isa = PBXBuildFile; fileRef = 09DEABD42BEB7B7A004246E8 /* EmptyView.swift */; };
		09DEABD92BEB8C31004246E8 /* UserListDTO.swift in Sources */ = {isa = PBXBuildFile; fileRef = 09DEABD82BEB8C31004246E8 /* UserListDTO.swift */; };
		09DEABDC2BEBA08C004246E8 /* Kingfisher in Frameworks */ = {isa = PBXBuildFile; productRef = 09DEABDB2BEBA08C004246E8 /* Kingfisher */; };
		DE2A97BF2BE9F7FD00D04534 /* AppDelegate.swift in Sources */ = {isa = PBXBuildFile; fileRef = DE2A97BE2BE9F7FD00D04534 /* AppDelegate.swift */; };
		DE2A97C12BE9F7FD00D04534 /* SceneDelegate.swift in Sources */ = {isa = PBXBuildFile; fileRef = DE2A97C02BE9F7FD00D04534 /* SceneDelegate.swift */; };
		DE2A97C32BE9F7FD00D04534 /* SearchViewController.swift in Sources */ = {isa = PBXBuildFile; fileRef = DE2A97C22BE9F7FD00D04534 /* SearchViewController.swift */; };
		DE2A97C82BE9F80000D04534 /* Assets.xcassets in Resources */ = {isa = PBXBuildFile; fileRef = DE2A97C72BE9F80000D04534 /* Assets.xcassets */; };
		DE2A97CB2BE9F80000D04534 /* LaunchScreen.storyboard in Resources */ = {isa = PBXBuildFile; fileRef = DE2A97C92BE9F80000D04534 /* LaunchScreen.storyboard */; };
		DE2A97D62BE9F80000D04534 /* GithubSearchTests.swift in Sources */ = {isa = PBXBuildFile; fileRef = DE2A97D52BE9F80000D04534 /* GithubSearchTests.swift */; };
		DE2A97E02BE9F80000D04534 /* GithubSearchUITests.swift in Sources */ = {isa = PBXBuildFile; fileRef = DE2A97DF2BE9F80000D04534 /* GithubSearchUITests.swift */; };
		DE2A97E22BE9F80000D04534 /* GithubSearchUITestsLaunchTests.swift in Sources */ = {isa = PBXBuildFile; fileRef = DE2A97E12BE9F80000D04534 /* GithubSearchUITestsLaunchTests.swift */; };
		DE2A97F42BE9FA0D00D04534 /* ViewModelType.swift in Sources */ = {isa = PBXBuildFile; fileRef = DE2A97F32BE9FA0D00D04534 /* ViewModelType.swift */; };
		DE2A97F82BE9FBF400D04534 /* SearchViewModel.swift in Sources */ = {isa = PBXBuildFile; fileRef = DE2A97F72BE9FBF400D04534 /* SearchViewModel.swift */; };
		DE2A98002BE9FD7700D04534 /* Service.swift in Sources */ = {isa = PBXBuildFile; fileRef = DE2A97FF2BE9FD7700D04534 /* Service.swift */; };
		DE2A98022BE9FD7D00D04534 /* AccessTokenDTO.swift in Sources */ = {isa = PBXBuildFile; fileRef = DE2A98012BE9FD7D00D04534 /* AccessTokenDTO.swift */; };
		DE2A98052BE9FF4D00D04534 /* CombineMoya in Frameworks */ = {isa = PBXBuildFile; productRef = DE2A98042BE9FF4D00D04534 /* CombineMoya */; };
		DE2A98072BE9FF4D00D04534 /* Moya in Frameworks */ = {isa = PBXBuildFile; productRef = DE2A98062BE9FF4D00D04534 /* Moya */; };
		DE2A98092BE9FF4D00D04534 /* ReactiveMoya in Frameworks */ = {isa = PBXBuildFile; productRef = DE2A98082BE9FF4D00D04534 /* ReactiveMoya */; };
		DE2A980B2BE9FF4D00D04534 /* RxMoya in Frameworks */ = {isa = PBXBuildFile; productRef = DE2A980A2BE9FF4D00D04534 /* RxMoya */; };
		DE2A980E2BE9FF7800D04534 /* Then in Frameworks */ = {isa = PBXBuildFile; productRef = DE2A980D2BE9FF7800D04534 /* Then */; };
		DE2A98112BE9FF8F00D04534 /* SnapKit in Frameworks */ = {isa = PBXBuildFile; productRef = DE2A98102BE9FF8F00D04534 /* SnapKit */; };
		DE2A98142BE9FFAF00D04534 /* BaseViewController.swift in Sources */ = {isa = PBXBuildFile; fileRef = DE2A98132BE9FFAF00D04534 /* BaseViewController.swift */; };
		DE2A98172BEA002100D04534 /* RxBlocking in Frameworks */ = {isa = PBXBuildFile; productRef = DE2A98162BEA002100D04534 /* RxBlocking */; };
		DE2A98192BEA002100D04534 /* RxCocoa in Frameworks */ = {isa = PBXBuildFile; productRef = DE2A98182BEA002100D04534 /* RxCocoa */; };
		DE2A981B2BEA002100D04534 /* RxRelay in Frameworks */ = {isa = PBXBuildFile; productRef = DE2A981A2BEA002100D04534 /* RxRelay */; };
		DE2A981E2BEA017B00D04534 /* UserDetailViewController.swift in Sources */ = {isa = PBXBuildFile; fileRef = DE2A981D2BEA017A00D04534 /* UserDetailViewController.swift */; };
		DE2A98202BEA01CA00D04534 /* EndPoint.swift in Sources */ = {isa = PBXBuildFile; fileRef = DE2A981F2BEA01CA00D04534 /* EndPoint.swift */; };
		DE2A98222BEA09B900D04534 /* Coordinator.swift in Sources */ = {isa = PBXBuildFile; fileRef = DE2A98212BEA09B900D04534 /* Coordinator.swift */; };
		DE2A98242BEA09DE00D04534 /* AppCoordinator.swift in Sources */ = {isa = PBXBuildFile; fileRef = DE2A98232BEA09DE00D04534 /* AppCoordinator.swift */; };
		DE2A98262BEA0CBD00D04534 /* SearchCoordinator.swift in Sources */ = {isa = PBXBuildFile; fileRef = DE2A98252BEA0CBD00D04534 /* SearchCoordinator.swift */; };
		DE2A98292BEA13F100D04534 /* LoginViewController.swift in Sources */ = {isa = PBXBuildFile; fileRef = DE2A98282BEA13F100D04534 /* LoginViewController.swift */; };
		DE2A982B2BEA144100D04534 /* LoginCoordinator.swift in Sources */ = {isa = PBXBuildFile; fileRef = DE2A982A2BEA144100D04534 /* LoginCoordinator.swift */; };
		DE2A982D2BEA144900D04534 /* LoginViewModel.swift in Sources */ = {isa = PBXBuildFile; fileRef = DE2A982C2BEA144900D04534 /* LoginViewModel.swift */; };
/* End PBXBuildFile section */

/* Begin PBXContainerItemProxy section */
		DE2A97D22BE9F80000D04534 /* PBXContainerItemProxy */ = {
			isa = PBXContainerItemProxy;
			containerPortal = DE2A97B32BE9F7FD00D04534 /* Project object */;
			proxyType = 1;
			remoteGlobalIDString = DE2A97BA2BE9F7FD00D04534;
			remoteInfo = GithubSearch;
		};
		DE2A97DC2BE9F80000D04534 /* PBXContainerItemProxy */ = {
			isa = PBXContainerItemProxy;
			containerPortal = DE2A97B32BE9F7FD00D04534 /* Project object */;
			proxyType = 1;
			remoteGlobalIDString = DE2A97BA2BE9F7FD00D04534;
			remoteInfo = GithubSearch;
		};
/* End PBXContainerItemProxy section */

/* Begin PBXFileReference section */
		0992D10A2BECF79F00E508BF /* Error.swift */ = {isa = PBXFileReference; lastKnownFileType = sourcecode.swift; path = Error.swift; sourceTree = "<group>"; };
		0992D10C2BED9BE300E508BF /* ActivityIndicatorView+Extension.swift */ = {isa = PBXFileReference; lastKnownFileType = sourcecode.swift; path = "ActivityIndicatorView+Extension.swift"; sourceTree = "<group>"; };
		09DEABC92BEA4052004246E8 /* UrlConstants.swift */ = {isa = PBXFileReference; lastKnownFileType = sourcecode.swift; path = UrlConstants.swift; sourceTree = "<group>"; };
		09DEABCC2BEA5008004246E8 /* TokenManger.swift */ = {isa = PBXFileReference; lastKnownFileType = sourcecode.swift; path = TokenManger.swift; sourceTree = "<group>"; };
		09DEABCF2BEA6CCD004246E8 /* TextField+Extension.swift */ = {isa = PBXFileReference; lastKnownFileType = sourcecode.swift; path = "TextField+Extension.swift"; sourceTree = "<group>"; };
		09DEABD22BEA78B7004246E8 /* UserListTableViewCell.swift */ = {isa = PBXFileReference; lastKnownFileType = sourcecode.swift; path = UserListTableViewCell.swift; sourceTree = "<group>"; };
		09DEABD42BEB7B7A004246E8 /* EmptyView.swift */ = {isa = PBXFileReference; lastKnownFileType = sourcecode.swift; path = EmptyView.swift; sourceTree = "<group>"; };
		09DEABD82BEB8C31004246E8 /* UserListDTO.swift */ = {isa = PBXFileReference; lastKnownFileType = sourcecode.swift; path = UserListDTO.swift; sourceTree = "<group>"; };
		DE2A97BB2BE9F7FD00D04534 /* GithubSearch.app */ = {isa = PBXFileReference; explicitFileType = wrapper.application; includeInIndex = 0; path = GithubSearch.app; sourceTree = BUILT_PRODUCTS_DIR; };
		DE2A97BE2BE9F7FD00D04534 /* AppDelegate.swift */ = {isa = PBXFileReference; lastKnownFileType = sourcecode.swift; path = AppDelegate.swift; sourceTree = "<group>"; };
		DE2A97C02BE9F7FD00D04534 /* SceneDelegate.swift */ = {isa = PBXFileReference; lastKnownFileType = sourcecode.swift; path = SceneDelegate.swift; sourceTree = "<group>"; };
		DE2A97C22BE9F7FD00D04534 /* SearchViewController.swift */ = {isa = PBXFileReference; lastKnownFileType = sourcecode.swift; path = SearchViewController.swift; sourceTree = "<group>"; };
		DE2A97C72BE9F80000D04534 /* Assets.xcassets */ = {isa = PBXFileReference; lastKnownFileType = folder.assetcatalog; path = Assets.xcassets; sourceTree = "<group>"; };
		DE2A97CA2BE9F80000D04534 /* Base */ = {isa = PBXFileReference; lastKnownFileType = file.storyboard; name = Base; path = Base.lproj/LaunchScreen.storyboard; sourceTree = "<group>"; };
		DE2A97CC2BE9F80000D04534 /* Info.plist */ = {isa = PBXFileReference; lastKnownFileType = text.plist.xml; path = Info.plist; sourceTree = "<group>"; };
		DE2A97D12BE9F80000D04534 /* GithubSearchTests.xctest */ = {isa = PBXFileReference; explicitFileType = wrapper.cfbundle; includeInIndex = 0; path = GithubSearchTests.xctest; sourceTree = BUILT_PRODUCTS_DIR; };
		DE2A97D52BE9F80000D04534 /* GithubSearchTests.swift */ = {isa = PBXFileReference; lastKnownFileType = sourcecode.swift; path = GithubSearchTests.swift; sourceTree = "<group>"; };
		DE2A97DB2BE9F80000D04534 /* GithubSearchUITests.xctest */ = {isa = PBXFileReference; explicitFileType = wrapper.cfbundle; includeInIndex = 0; path = GithubSearchUITests.xctest; sourceTree = BUILT_PRODUCTS_DIR; };
		DE2A97DF2BE9F80000D04534 /* GithubSearchUITests.swift */ = {isa = PBXFileReference; lastKnownFileType = sourcecode.swift; path = GithubSearchUITests.swift; sourceTree = "<group>"; };
		DE2A97E12BE9F80000D04534 /* GithubSearchUITestsLaunchTests.swift */ = {isa = PBXFileReference; lastKnownFileType = sourcecode.swift; path = GithubSearchUITestsLaunchTests.swift; sourceTree = "<group>"; };
		DE2A97F32BE9FA0D00D04534 /* ViewModelType.swift */ = {isa = PBXFileReference; lastKnownFileType = sourcecode.swift; path = ViewModelType.swift; sourceTree = "<group>"; };
		DE2A97F72BE9FBF400D04534 /* SearchViewModel.swift */ = {isa = PBXFileReference; lastKnownFileType = sourcecode.swift; path = SearchViewModel.swift; sourceTree = "<group>"; };
		DE2A97FF2BE9FD7700D04534 /* Service.swift */ = {isa = PBXFileReference; lastKnownFileType = sourcecode.swift; path = Service.swift; sourceTree = "<group>"; };
		DE2A98012BE9FD7D00D04534 /* AccessTokenDTO.swift */ = {isa = PBXFileReference; lastKnownFileType = sourcecode.swift; path = AccessTokenDTO.swift; sourceTree = "<group>"; };
		DE2A98132BE9FFAF00D04534 /* BaseViewController.swift */ = {isa = PBXFileReference; lastKnownFileType = sourcecode.swift; path = BaseViewController.swift; sourceTree = "<group>"; };
		DE2A981D2BEA017A00D04534 /* UserDetailViewController.swift */ = {isa = PBXFileReference; lastKnownFileType = sourcecode.swift; path = UserDetailViewController.swift; sourceTree = "<group>"; };
		DE2A981F2BEA01CA00D04534 /* EndPoint.swift */ = {isa = PBXFileReference; lastKnownFileType = sourcecode.swift; path = EndPoint.swift; sourceTree = "<group>"; };
		DE2A98212BEA09B900D04534 /* Coordinator.swift */ = {isa = PBXFileReference; lastKnownFileType = sourcecode.swift; path = Coordinator.swift; sourceTree = "<group>"; };
		DE2A98232BEA09DE00D04534 /* AppCoordinator.swift */ = {isa = PBXFileReference; lastKnownFileType = sourcecode.swift; path = AppCoordinator.swift; sourceTree = "<group>"; };
		DE2A98252BEA0CBD00D04534 /* SearchCoordinator.swift */ = {isa = PBXFileReference; lastKnownFileType = sourcecode.swift; path = SearchCoordinator.swift; sourceTree = "<group>"; };
		DE2A98282BEA13F100D04534 /* LoginViewController.swift */ = {isa = PBXFileReference; lastKnownFileType = sourcecode.swift; path = LoginViewController.swift; sourceTree = "<group>"; };
		DE2A982A2BEA144100D04534 /* LoginCoordinator.swift */ = {isa = PBXFileReference; lastKnownFileType = sourcecode.swift; path = LoginCoordinator.swift; sourceTree = "<group>"; };
		DE2A982C2BEA144900D04534 /* LoginViewModel.swift */ = {isa = PBXFileReference; lastKnownFileType = sourcecode.swift; path = LoginViewModel.swift; sourceTree = "<group>"; };
/* End PBXFileReference section */

/* Begin PBXFrameworksBuildPhase section */
		DE2A97B82BE9F7FD00D04534 /* Frameworks */ = {
			isa = PBXFrameworksBuildPhase;
			buildActionMask = 2147483647;
			files = (
				DE2A981B2BEA002100D04534 /* RxRelay in Frameworks */,
				DE2A980E2BE9FF7800D04534 /* Then in Frameworks */,
				DE2A98072BE9FF4D00D04534 /* Moya in Frameworks */,
				DE2A98052BE9FF4D00D04534 /* CombineMoya in Frameworks */,
				09DEABDC2BEBA08C004246E8 /* Kingfisher in Frameworks */,
				DE2A98112BE9FF8F00D04534 /* SnapKit in Frameworks */,
				DE2A980B2BE9FF4D00D04534 /* RxMoya in Frameworks */,
				DE2A98092BE9FF4D00D04534 /* ReactiveMoya in Frameworks */,
				DE2A98192BEA002100D04534 /* RxCocoa in Frameworks */,
				DE2A98172BEA002100D04534 /* RxBlocking in Frameworks */,
			);
			runOnlyForDeploymentPostprocessing = 0;
		};
		DE2A97CE2BE9F80000D04534 /* Frameworks */ = {
			isa = PBXFrameworksBuildPhase;
			buildActionMask = 2147483647;
			files = (
			);
			runOnlyForDeploymentPostprocessing = 0;
		};
		DE2A97D82BE9F80000D04534 /* Frameworks */ = {
			isa = PBXFrameworksBuildPhase;
			buildActionMask = 2147483647;
			files = (
			);
			runOnlyForDeploymentPostprocessing = 0;
		};
/* End PBXFrameworksBuildPhase section */

/* Begin PBXGroup section */
		09DEABCB2BEA4FF2004246E8 /* Service */ = {
			isa = PBXGroup;
			children = (
				DE2A97FF2BE9FD7700D04534 /* Service.swift */,
				09DEABCC2BEA5008004246E8 /* TokenManger.swift */,
			);
			path = Service;
			sourceTree = "<group>";
		};
		09DEABCE2BEA6CB5004246E8 /* Extension */ = {
			isa = PBXGroup;
			children = (
				09DEABCF2BEA6CCD004246E8 /* TextField+Extension.swift */,
				0992D10C2BED9BE300E508BF /* ActivityIndicatorView+Extension.swift */,
			);
			path = Extension;
			sourceTree = "<group>";
		};
		09DEABD12BEA789C004246E8 /* Section */ = {
			isa = PBXGroup;
			children = (
				09DEABD22BEA78B7004246E8 /* UserListTableViewCell.swift */,
				09DEABD42BEB7B7A004246E8 /* EmptyView.swift */,
			);
			path = Section;
			sourceTree = "<group>";
		};
		09DEABD62BEB8C1B004246E8 /* DTO */ = {
			isa = PBXGroup;
			children = (
				DE2A98012BE9FD7D00D04534 /* AccessTokenDTO.swift */,
				09DEABD82BEB8C31004246E8 /* UserListDTO.swift */,
			);
			path = DTO;
			sourceTree = "<group>";
		};
		09DEABD72BEB8C22004246E8 /* Entity */ = {
			isa = PBXGroup;
			children = (
				09DEABC92BEA4052004246E8 /* UrlConstants.swift */,
				0992D10A2BECF79F00E508BF /* Error.swift */,
			);
			path = Entity;
			sourceTree = "<group>";
		};
		DE2A97B22BE9F7FD00D04534 = {
			isa = PBXGroup;
			children = (
				DE2A97BD2BE9F7FD00D04534 /* GithubSearch */,
				DE2A97D42BE9F80000D04534 /* GithubSearchTests */,
				DE2A97DE2BE9F80000D04534 /* GithubSearchUITests */,
				DE2A97BC2BE9F7FD00D04534 /* Products */,
			);
			sourceTree = "<group>";
		};
		DE2A97BC2BE9F7FD00D04534 /* Products */ = {
			isa = PBXGroup;
			children = (
				DE2A97BB2BE9F7FD00D04534 /* GithubSearch.app */,
				DE2A97D12BE9F80000D04534 /* GithubSearchTests.xctest */,
				DE2A97DB2BE9F80000D04534 /* GithubSearchUITests.xctest */,
			);
			name = Products;
			sourceTree = "<group>";
		};
		DE2A97BD2BE9F7FD00D04534 /* GithubSearch */ = {
			isa = PBXGroup;
			children = (
				DE2A97CC2BE9F80000D04534 /* Info.plist */,
				DE2A97F02BE9F9DF00D04534 /* Source */,
				DE2A97EF2BE9F9C100D04534 /* Resource */,
				DE2A97EE2BE9F9B800D04534 /* App */,
			);
			path = GithubSearch;
			sourceTree = "<group>";
		};
		DE2A97D42BE9F80000D04534 /* GithubSearchTests */ = {
			isa = PBXGroup;
			children = (
				DE2A97D52BE9F80000D04534 /* GithubSearchTests.swift */,
			);
			path = GithubSearchTests;
			sourceTree = "<group>";
		};
		DE2A97DE2BE9F80000D04534 /* GithubSearchUITests */ = {
			isa = PBXGroup;
			children = (
				DE2A97DF2BE9F80000D04534 /* GithubSearchUITests.swift */,
				DE2A97E12BE9F80000D04534 /* GithubSearchUITestsLaunchTests.swift */,
			);
			path = GithubSearchUITests;
			sourceTree = "<group>";
		};
		DE2A97EE2BE9F9B800D04534 /* App */ = {
			isa = PBXGroup;
			children = (
				DE2A97BE2BE9F7FD00D04534 /* AppDelegate.swift */,
				DE2A97C02BE9F7FD00D04534 /* SceneDelegate.swift */,
				DE2A98232BEA09DE00D04534 /* AppCoordinator.swift */,
			);
			path = App;
			sourceTree = "<group>";
		};
		DE2A97EF2BE9F9C100D04534 /* Resource */ = {
			isa = PBXGroup;
			children = (
				DE2A97C72BE9F80000D04534 /* Assets.xcassets */,
			);
			path = Resource;
			sourceTree = "<group>";
		};
		DE2A97F02BE9F9DF00D04534 /* Source */ = {
			isa = PBXGroup;
			children = (
				09DEABCE2BEA6CB5004246E8 /* Extension */,
				DE2A97F22BE9FA0300D04534 /* Protocol */,
				DE2A97FE2BE9FD6F00D04534 /* Network */,
				09DEABCB2BEA4FF2004246E8 /* Service */,
				DE2A97F92BE9FC0700D04534 /* Models */,
				DE2A97F52BE9FA2D00D04534 /* Present */,
			);
			path = Source;
			sourceTree = "<group>";
		};
		DE2A97F12BE9F9EA00D04534 /* Splash */ = {
			isa = PBXGroup;
			children = (
				DE2A97C92BE9F80000D04534 /* LaunchScreen.storyboard */,
			);
			path = Splash;
			sourceTree = "<group>";
		};
		DE2A97F22BE9FA0300D04534 /* Protocol */ = {
			isa = PBXGroup;
			children = (
				DE2A97F32BE9FA0D00D04534 /* ViewModelType.swift */,
				DE2A98212BEA09B900D04534 /* Coordinator.swift */,
			);
			path = Protocol;
			sourceTree = "<group>";
		};
		DE2A97F52BE9FA2D00D04534 /* Present */ = {
			isa = PBXGroup;
			children = (
				DE2A98122BE9FF9E00D04534 /* Base */,
				DE2A97F12BE9F9EA00D04534 /* Splash */,
				DE2A98272BEA13E700D04534 /* Login */,
				DE2A97F62BE9FBE100D04534 /* Search */,
				DE2A981C2BEA015300D04534 /* UserDetail */,
			);
			path = Present;
			sourceTree = "<group>";
		};
		DE2A97F62BE9FBE100D04534 /* Search */ = {
			isa = PBXGroup;
			children = (
				09DEABD12BEA789C004246E8 /* Section */,
				DE2A97C22BE9F7FD00D04534 /* SearchViewController.swift */,
				DE2A97F72BE9FBF400D04534 /* SearchViewModel.swift */,
				DE2A98252BEA0CBD00D04534 /* SearchCoordinator.swift */,
			);
			path = Search;
			sourceTree = "<group>";
		};
		DE2A97F92BE9FC0700D04534 /* Models */ = {
			isa = PBXGroup;
			children = (
				09DEABD72BEB8C22004246E8 /* Entity */,
				09DEABD62BEB8C1B004246E8 /* DTO */,
			);
			path = Models;
			sourceTree = "<group>";
		};
		DE2A97FE2BE9FD6F00D04534 /* Network */ = {
			isa = PBXGroup;
			children = (
				DE2A981F2BEA01CA00D04534 /* EndPoint.swift */,
			);
			path = Network;
			sourceTree = "<group>";
		};
		DE2A98122BE9FF9E00D04534 /* Base */ = {
			isa = PBXGroup;
			children = (
				DE2A98132BE9FFAF00D04534 /* BaseViewController.swift */,
			);
			path = Base;
			sourceTree = "<group>";
		};
		DE2A981C2BEA015300D04534 /* UserDetail */ = {
			isa = PBXGroup;
			children = (
				DE2A981D2BEA017A00D04534 /* UserDetailViewController.swift */,
			);
			path = UserDetail;
			sourceTree = "<group>";
		};
		DE2A98272BEA13E700D04534 /* Login */ = {
			isa = PBXGroup;
			children = (
				DE2A98282BEA13F100D04534 /* LoginViewController.swift */,
				DE2A982C2BEA144900D04534 /* LoginViewModel.swift */,
				DE2A982A2BEA144100D04534 /* LoginCoordinator.swift */,
			);
			path = Login;
			sourceTree = "<group>";
		};
/* End PBXGroup section */

/* Begin PBXNativeTarget section */
		DE2A97BA2BE9F7FD00D04534 /* GithubSearch */ = {
			isa = PBXNativeTarget;
			buildConfigurationList = DE2A97E52BE9F80000D04534 /* Build configuration list for PBXNativeTarget "GithubSearch" */;
			buildPhases = (
				DE2A97B72BE9F7FD00D04534 /* Sources */,
				DE2A97B82BE9F7FD00D04534 /* Frameworks */,
				DE2A97B92BE9F7FD00D04534 /* Resources */,
			);
			buildRules = (
			);
			dependencies = (
			);
			name = GithubSearch;
			packageProductDependencies = (
				DE2A98042BE9FF4D00D04534 /* CombineMoya */,
				DE2A98062BE9FF4D00D04534 /* Moya */,
				DE2A98082BE9FF4D00D04534 /* ReactiveMoya */,
				DE2A980A2BE9FF4D00D04534 /* RxMoya */,
				DE2A980D2BE9FF7800D04534 /* Then */,
				DE2A98102BE9FF8F00D04534 /* SnapKit */,
				DE2A98162BEA002100D04534 /* RxBlocking */,
				DE2A98182BEA002100D04534 /* RxCocoa */,
				DE2A981A2BEA002100D04534 /* RxRelay */,
				09DEABDB2BEBA08C004246E8 /* Kingfisher */,
			);
			productName = GithubSearch;
			productReference = DE2A97BB2BE9F7FD00D04534 /* GithubSearch.app */;
			productType = "com.apple.product-type.application";
		};
		DE2A97D02BE9F80000D04534 /* GithubSearchTests */ = {
			isa = PBXNativeTarget;
			buildConfigurationList = DE2A97E82BE9F80000D04534 /* Build configuration list for PBXNativeTarget "GithubSearchTests" */;
			buildPhases = (
				DE2A97CD2BE9F80000D04534 /* Sources */,
				DE2A97CE2BE9F80000D04534 /* Frameworks */,
				DE2A97CF2BE9F80000D04534 /* Resources */,
			);
			buildRules = (
			);
			dependencies = (
				DE2A97D32BE9F80000D04534 /* PBXTargetDependency */,
			);
			name = GithubSearchTests;
			productName = GithubSearchTests;
			productReference = DE2A97D12BE9F80000D04534 /* GithubSearchTests.xctest */;
			productType = "com.apple.product-type.bundle.unit-test";
		};
		DE2A97DA2BE9F80000D04534 /* GithubSearchUITests */ = {
			isa = PBXNativeTarget;
			buildConfigurationList = DE2A97EB2BE9F80000D04534 /* Build configuration list for PBXNativeTarget "GithubSearchUITests" */;
			buildPhases = (
				DE2A97D72BE9F80000D04534 /* Sources */,
				DE2A97D82BE9F80000D04534 /* Frameworks */,
				DE2A97D92BE9F80000D04534 /* Resources */,
			);
			buildRules = (
			);
			dependencies = (
				DE2A97DD2BE9F80000D04534 /* PBXTargetDependency */,
			);
			name = GithubSearchUITests;
			productName = GithubSearchUITests;
			productReference = DE2A97DB2BE9F80000D04534 /* GithubSearchUITests.xctest */;
			productType = "com.apple.product-type.bundle.ui-testing";
		};
/* End PBXNativeTarget section */

/* Begin PBXProject section */
		DE2A97B32BE9F7FD00D04534 /* Project object */ = {
			isa = PBXProject;
			attributes = {
				BuildIndependentTargetsInParallel = 1;
				LastSwiftUpdateCheck = 1510;
				LastUpgradeCheck = 1510;
				TargetAttributes = {
					DE2A97BA2BE9F7FD00D04534 = {
						CreatedOnToolsVersion = 15.1;
					};
					DE2A97D02BE9F80000D04534 = {
						CreatedOnToolsVersion = 15.1;
						TestTargetID = DE2A97BA2BE9F7FD00D04534;
					};
					DE2A97DA2BE9F80000D04534 = {
						CreatedOnToolsVersion = 15.1;
						TestTargetID = DE2A97BA2BE9F7FD00D04534;
					};
				};
			};
			buildConfigurationList = DE2A97B62BE9F7FD00D04534 /* Build configuration list for PBXProject "GithubSearch" */;
			compatibilityVersion = "Xcode 14.0";
			developmentRegion = en;
			hasScannedForEncodings = 0;
			knownRegions = (
				en,
				Base,
			);
			mainGroup = DE2A97B22BE9F7FD00D04534;
			packageReferences = (
				DE2A98032BE9FF4D00D04534 /* XCRemoteSwiftPackageReference "Moya" */,
				DE2A980C2BE9FF7800D04534 /* XCRemoteSwiftPackageReference "Then" */,
				DE2A980F2BE9FF8F00D04534 /* XCRemoteSwiftPackageReference "SnapKit" */,
				DE2A98152BEA002100D04534 /* XCRemoteSwiftPackageReference "RxSwift" */,
				09DEABDA2BEBA08C004246E8 /* XCRemoteSwiftPackageReference "Kingfisher" */,
			);
			productRefGroup = DE2A97BC2BE9F7FD00D04534 /* Products */;
			projectDirPath = "";
			projectRoot = "";
			targets = (
				DE2A97BA2BE9F7FD00D04534 /* GithubSearch */,
				DE2A97D02BE9F80000D04534 /* GithubSearchTests */,
				DE2A97DA2BE9F80000D04534 /* GithubSearchUITests */,
			);
		};
/* End PBXProject section */

/* Begin PBXResourcesBuildPhase section */
		DE2A97B92BE9F7FD00D04534 /* Resources */ = {
			isa = PBXResourcesBuildPhase;
			buildActionMask = 2147483647;
			files = (
				DE2A97CB2BE9F80000D04534 /* LaunchScreen.storyboard in Resources */,
				DE2A97C82BE9F80000D04534 /* Assets.xcassets in Resources */,
			);
			runOnlyForDeploymentPostprocessing = 0;
		};
		DE2A97CF2BE9F80000D04534 /* Resources */ = {
			isa = PBXResourcesBuildPhase;
			buildActionMask = 2147483647;
			files = (
			);
			runOnlyForDeploymentPostprocessing = 0;
		};
		DE2A97D92BE9F80000D04534 /* Resources */ = {
			isa = PBXResourcesBuildPhase;
			buildActionMask = 2147483647;
			files = (
			);
			runOnlyForDeploymentPostprocessing = 0;
		};
/* End PBXResourcesBuildPhase section */

/* Begin PBXSourcesBuildPhase section */
		DE2A97B72BE9F7FD00D04534 /* Sources */ = {
			isa = PBXSourcesBuildPhase;
			buildActionMask = 2147483647;
			files = (
				DE2A98292BEA13F100D04534 /* LoginViewController.swift in Sources */,
				09DEABD52BEB7B7A004246E8 /* EmptyView.swift in Sources */,
				DE2A98242BEA09DE00D04534 /* AppCoordinator.swift in Sources */,
				DE2A98262BEA0CBD00D04534 /* SearchCoordinator.swift in Sources */,
				DE2A97F42BE9FA0D00D04534 /* ViewModelType.swift in Sources */,
				DE2A982D2BEA144900D04534 /* LoginViewModel.swift in Sources */,
				09DEABCD2BEA5008004246E8 /* TokenManger.swift in Sources */,
				DE2A98022BE9FD7D00D04534 /* AccessTokenDTO.swift in Sources */,
				DE2A98202BEA01CA00D04534 /* EndPoint.swift in Sources */,
				09DEABD02BEA6CCD004246E8 /* TextField+Extension.swift in Sources */,
				DE2A981E2BEA017B00D04534 /* UserDetailViewController.swift in Sources */,
				0992D10D2BED9BE300E508BF /* ActivityIndicatorView+Extension.swift in Sources */,
				DE2A98002BE9FD7700D04534 /* Service.swift in Sources */,
				09DEABCA2BEA4052004246E8 /* UrlConstants.swift in Sources */,
				09DEABD32BEA78B7004246E8 /* UserListTableViewCell.swift in Sources */,
				09DEABD92BEB8C31004246E8 /* UserListDTO.swift in Sources */,
				0992D10B2BECF79F00E508BF /* Error.swift in Sources */,
				DE2A97F82BE9FBF400D04534 /* SearchViewModel.swift in Sources */,
				DE2A98222BEA09B900D04534 /* Coordinator.swift in Sources */,
				DE2A97C32BE9F7FD00D04534 /* SearchViewController.swift in Sources */,
				DE2A98142BE9FFAF00D04534 /* BaseViewController.swift in Sources */,
				DE2A982B2BEA144100D04534 /* LoginCoordinator.swift in Sources */,
				DE2A97BF2BE9F7FD00D04534 /* AppDelegate.swift in Sources */,
				DE2A97C12BE9F7FD00D04534 /* SceneDelegate.swift in Sources */,
			);
			runOnlyForDeploymentPostprocessing = 0;
		};
		DE2A97CD2BE9F80000D04534 /* Sources */ = {
			isa = PBXSourcesBuildPhase;
			buildActionMask = 2147483647;
			files = (
				DE2A97D62BE9F80000D04534 /* GithubSearchTests.swift in Sources */,
			);
			runOnlyForDeploymentPostprocessing = 0;
		};
		DE2A97D72BE9F80000D04534 /* Sources */ = {
			isa = PBXSourcesBuildPhase;
			buildActionMask = 2147483647;
			files = (
				DE2A97E02BE9F80000D04534 /* GithubSearchUITests.swift in Sources */,
				DE2A97E22BE9F80000D04534 /* GithubSearchUITestsLaunchTests.swift in Sources */,
			);
			runOnlyForDeploymentPostprocessing = 0;
		};
/* End PBXSourcesBuildPhase section */

/* Begin PBXTargetDependency section */
		DE2A97D32BE9F80000D04534 /* PBXTargetDependency */ = {
			isa = PBXTargetDependency;
			target = DE2A97BA2BE9F7FD00D04534 /* GithubSearch */;
			targetProxy = DE2A97D22BE9F80000D04534 /* PBXContainerItemProxy */;
		};
		DE2A97DD2BE9F80000D04534 /* PBXTargetDependency */ = {
			isa = PBXTargetDependency;
			target = DE2A97BA2BE9F7FD00D04534 /* GithubSearch */;
			targetProxy = DE2A97DC2BE9F80000D04534 /* PBXContainerItemProxy */;
		};
/* End PBXTargetDependency section */

/* Begin PBXVariantGroup section */
		DE2A97C92BE9F80000D04534 /* LaunchScreen.storyboard */ = {
			isa = PBXVariantGroup;
			children = (
				DE2A97CA2BE9F80000D04534 /* Base */,
			);
			name = LaunchScreen.storyboard;
			sourceTree = "<group>";
		};
/* End PBXVariantGroup section */

/* Begin XCBuildConfiguration section */
		DE2A97E32BE9F80000D04534 /* Debug */ = {
			isa = XCBuildConfiguration;
			buildSettings = {
				ALWAYS_SEARCH_USER_PATHS = NO;
				ASSETCATALOG_COMPILER_GENERATE_SWIFT_ASSET_SYMBOL_EXTENSIONS = YES;
				CLANG_ANALYZER_NONNULL = YES;
				CLANG_ANALYZER_NUMBER_OBJECT_CONVERSION = YES_AGGRESSIVE;
				CLANG_CXX_LANGUAGE_STANDARD = "gnu++20";
				CLANG_ENABLE_MODULES = YES;
				CLANG_ENABLE_OBJC_ARC = YES;
				CLANG_ENABLE_OBJC_WEAK = YES;
				CLANG_WARN_BLOCK_CAPTURE_AUTORELEASING = YES;
				CLANG_WARN_BOOL_CONVERSION = YES;
				CLANG_WARN_COMMA = YES;
				CLANG_WARN_CONSTANT_CONVERSION = YES;
				CLANG_WARN_DEPRECATED_OBJC_IMPLEMENTATIONS = YES;
				CLANG_WARN_DIRECT_OBJC_ISA_USAGE = YES_ERROR;
				CLANG_WARN_DOCUMENTATION_COMMENTS = YES;
				CLANG_WARN_EMPTY_BODY = YES;
				CLANG_WARN_ENUM_CONVERSION = YES;
				CLANG_WARN_INFINITE_RECURSION = YES;
				CLANG_WARN_INT_CONVERSION = YES;
				CLANG_WARN_NON_LITERAL_NULL_CONVERSION = YES;
				CLANG_WARN_OBJC_IMPLICIT_RETAIN_SELF = YES;
				CLANG_WARN_OBJC_LITERAL_CONVERSION = YES;
				CLANG_WARN_OBJC_ROOT_CLASS = YES_ERROR;
				CLANG_WARN_QUOTED_INCLUDE_IN_FRAMEWORK_HEADER = YES;
				CLANG_WARN_RANGE_LOOP_ANALYSIS = YES;
				CLANG_WARN_STRICT_PROTOTYPES = YES;
				CLANG_WARN_SUSPICIOUS_MOVE = YES;
				CLANG_WARN_UNGUARDED_AVAILABILITY = YES_AGGRESSIVE;
				CLANG_WARN_UNREACHABLE_CODE = YES;
				CLANG_WARN__DUPLICATE_METHOD_MATCH = YES;
				COPY_PHASE_STRIP = NO;
				DEBUG_INFORMATION_FORMAT = dwarf;
				ENABLE_STRICT_OBJC_MSGSEND = YES;
				ENABLE_TESTABILITY = YES;
				ENABLE_USER_SCRIPT_SANDBOXING = YES;
				GCC_C_LANGUAGE_STANDARD = gnu17;
				GCC_DYNAMIC_NO_PIC = NO;
				GCC_NO_COMMON_BLOCKS = YES;
				GCC_OPTIMIZATION_LEVEL = 0;
				GCC_PREPROCESSOR_DEFINITIONS = (
					"DEBUG=1",
					"$(inherited)",
				);
				GCC_WARN_64_TO_32_BIT_CONVERSION = YES;
				GCC_WARN_ABOUT_RETURN_TYPE = YES_ERROR;
				GCC_WARN_UNDECLARED_SELECTOR = YES;
				GCC_WARN_UNINITIALIZED_AUTOS = YES_AGGRESSIVE;
				GCC_WARN_UNUSED_FUNCTION = YES;
				GCC_WARN_UNUSED_VARIABLE = YES;
				IPHONEOS_DEPLOYMENT_TARGET = 17.2;
				LOCALIZATION_PREFERS_STRING_CATALOGS = YES;
				MTL_ENABLE_DEBUG_INFO = INCLUDE_SOURCE;
				MTL_FAST_MATH = YES;
				ONLY_ACTIVE_ARCH = YES;
				SDKROOT = iphoneos;
				SWIFT_ACTIVE_COMPILATION_CONDITIONS = "DEBUG $(inherited)";
				SWIFT_OPTIMIZATION_LEVEL = "-Onone";
			};
			name = Debug;
		};
		DE2A97E42BE9F80000D04534 /* Release */ = {
			isa = XCBuildConfiguration;
			buildSettings = {
				ALWAYS_SEARCH_USER_PATHS = NO;
				ASSETCATALOG_COMPILER_GENERATE_SWIFT_ASSET_SYMBOL_EXTENSIONS = YES;
				CLANG_ANALYZER_NONNULL = YES;
				CLANG_ANALYZER_NUMBER_OBJECT_CONVERSION = YES_AGGRESSIVE;
				CLANG_CXX_LANGUAGE_STANDARD = "gnu++20";
				CLANG_ENABLE_MODULES = YES;
				CLANG_ENABLE_OBJC_ARC = YES;
				CLANG_ENABLE_OBJC_WEAK = YES;
				CLANG_WARN_BLOCK_CAPTURE_AUTORELEASING = YES;
				CLANG_WARN_BOOL_CONVERSION = YES;
				CLANG_WARN_COMMA = YES;
				CLANG_WARN_CONSTANT_CONVERSION = YES;
				CLANG_WARN_DEPRECATED_OBJC_IMPLEMENTATIONS = YES;
				CLANG_WARN_DIRECT_OBJC_ISA_USAGE = YES_ERROR;
				CLANG_WARN_DOCUMENTATION_COMMENTS = YES;
				CLANG_WARN_EMPTY_BODY = YES;
				CLANG_WARN_ENUM_CONVERSION = YES;
				CLANG_WARN_INFINITE_RECURSION = YES;
				CLANG_WARN_INT_CONVERSION = YES;
				CLANG_WARN_NON_LITERAL_NULL_CONVERSION = YES;
				CLANG_WARN_OBJC_IMPLICIT_RETAIN_SELF = YES;
				CLANG_WARN_OBJC_LITERAL_CONVERSION = YES;
				CLANG_WARN_OBJC_ROOT_CLASS = YES_ERROR;
				CLANG_WARN_QUOTED_INCLUDE_IN_FRAMEWORK_HEADER = YES;
				CLANG_WARN_RANGE_LOOP_ANALYSIS = YES;
				CLANG_WARN_STRICT_PROTOTYPES = YES;
				CLANG_WARN_SUSPICIOUS_MOVE = YES;
				CLANG_WARN_UNGUARDED_AVAILABILITY = YES_AGGRESSIVE;
				CLANG_WARN_UNREACHABLE_CODE = YES;
				CLANG_WARN__DUPLICATE_METHOD_MATCH = YES;
				COPY_PHASE_STRIP = NO;
				DEBUG_INFORMATION_FORMAT = "dwarf-with-dsym";
				ENABLE_NS_ASSERTIONS = NO;
				ENABLE_STRICT_OBJC_MSGSEND = YES;
				ENABLE_USER_SCRIPT_SANDBOXING = YES;
				GCC_C_LANGUAGE_STANDARD = gnu17;
				GCC_NO_COMMON_BLOCKS = YES;
				GCC_WARN_64_TO_32_BIT_CONVERSION = YES;
				GCC_WARN_ABOUT_RETURN_TYPE = YES_ERROR;
				GCC_WARN_UNDECLARED_SELECTOR = YES;
				GCC_WARN_UNINITIALIZED_AUTOS = YES_AGGRESSIVE;
				GCC_WARN_UNUSED_FUNCTION = YES;
				GCC_WARN_UNUSED_VARIABLE = YES;
				IPHONEOS_DEPLOYMENT_TARGET = 17.2;
				LOCALIZATION_PREFERS_STRING_CATALOGS = YES;
				MTL_ENABLE_DEBUG_INFO = NO;
				MTL_FAST_MATH = YES;
				SDKROOT = iphoneos;
				SWIFT_COMPILATION_MODE = wholemodule;
				VALIDATE_PRODUCT = YES;
			};
			name = Release;
		};
		DE2A97E62BE9F80000D04534 /* Debug */ = {
			isa = XCBuildConfiguration;
			buildSettings = {
				ASSETCATALOG_COMPILER_APPICON_NAME = AppIcon;
				ASSETCATALOG_COMPILER_GLOBAL_ACCENT_COLOR_NAME = AccentColor;
				CODE_SIGN_STYLE = Automatic;
				CURRENT_PROJECT_VERSION = 1;
				DEVELOPMENT_TEAM = JA7UDVTQBU;
				GENERATE_INFOPLIST_FILE = YES;
				INFOPLIST_FILE = GithubSearch/Info.plist;
				INFOPLIST_KEY_UIApplicationSupportsIndirectInputEvents = YES;
				INFOPLIST_KEY_UILaunchStoryboardName = LaunchScreen;
				INFOPLIST_KEY_UIMainStoryboardFile = Main;
				INFOPLIST_KEY_UISupportedInterfaceOrientations = UIInterfaceOrientationPortrait;
				IPHONEOS_DEPLOYMENT_TARGET = 15.0;
				LD_RUNPATH_SEARCH_PATHS = (
					"$(inherited)",
					"@executable_path/Frameworks",
				);
				MARKETING_VERSION = 1.0;
				PRODUCT_BUNDLE_IDENTIFIER = com.jc.GithubSearch;
				PRODUCT_NAME = "$(TARGET_NAME)";
				SWIFT_EMIT_LOC_STRINGS = YES;
				SWIFT_VERSION = 5.0;
				TARGETED_DEVICE_FAMILY = "1,2";
			};
			name = Debug;
		};
		DE2A97E72BE9F80000D04534 /* Release */ = {
			isa = XCBuildConfiguration;
			buildSettings = {
				ASSETCATALOG_COMPILER_APPICON_NAME = AppIcon;
				ASSETCATALOG_COMPILER_GLOBAL_ACCENT_COLOR_NAME = AccentColor;
				CODE_SIGN_STYLE = Automatic;
				CURRENT_PROJECT_VERSION = 1;
				DEVELOPMENT_TEAM = JA7UDVTQBU;
				GENERATE_INFOPLIST_FILE = YES;
				INFOPLIST_FILE = GithubSearch/Info.plist;
				INFOPLIST_KEY_UIApplicationSupportsIndirectInputEvents = YES;
				INFOPLIST_KEY_UILaunchStoryboardName = LaunchScreen;
				INFOPLIST_KEY_UIMainStoryboardFile = Main;
				INFOPLIST_KEY_UISupportedInterfaceOrientations = UIInterfaceOrientationPortrait;
				IPHONEOS_DEPLOYMENT_TARGET = 15.0;
				LD_RUNPATH_SEARCH_PATHS = (
					"$(inherited)",
					"@executable_path/Frameworks",
				);
				MARKETING_VERSION = 1.0;
				PRODUCT_BUNDLE_IDENTIFIER = com.jc.GithubSearch;
				PRODUCT_NAME = "$(TARGET_NAME)";
				SWIFT_EMIT_LOC_STRINGS = YES;
				SWIFT_VERSION = 5.0;
				TARGETED_DEVICE_FAMILY = "1,2";
			};
			name = Release;
		};
		DE2A97E92BE9F80000D04534 /* Debug */ = {
			isa = XCBuildConfiguration;
			buildSettings = {
				ALWAYS_EMBED_SWIFT_STANDARD_LIBRARIES = YES;
				BUNDLE_LOADER = "$(TEST_HOST)";
				CODE_SIGN_STYLE = Automatic;
				CURRENT_PROJECT_VERSION = 1;
				GENERATE_INFOPLIST_FILE = YES;
				IPHONEOS_DEPLOYMENT_TARGET = 17.2;
				MARKETING_VERSION = 1.0;
				PRODUCT_BUNDLE_IDENTIFIER = com.jc.GithubSearchTests;
				PRODUCT_NAME = "$(TARGET_NAME)";
				SWIFT_EMIT_LOC_STRINGS = NO;
				SWIFT_VERSION = 5.0;
				TARGETED_DEVICE_FAMILY = "1,2";
				TEST_HOST = "$(BUILT_PRODUCTS_DIR)/GithubSearch.app/$(BUNDLE_EXECUTABLE_FOLDER_PATH)/GithubSearch";
			};
			name = Debug;
		};
		DE2A97EA2BE9F80000D04534 /* Release */ = {
			isa = XCBuildConfiguration;
			buildSettings = {
				ALWAYS_EMBED_SWIFT_STANDARD_LIBRARIES = YES;
				BUNDLE_LOADER = "$(TEST_HOST)";
				CODE_SIGN_STYLE = Automatic;
				CURRENT_PROJECT_VERSION = 1;
				GENERATE_INFOPLIST_FILE = YES;
				IPHONEOS_DEPLOYMENT_TARGET = 17.2;
				MARKETING_VERSION = 1.0;
				PRODUCT_BUNDLE_IDENTIFIER = com.jc.GithubSearchTests;
				PRODUCT_NAME = "$(TARGET_NAME)";
				SWIFT_EMIT_LOC_STRINGS = NO;
				SWIFT_VERSION = 5.0;
				TARGETED_DEVICE_FAMILY = "1,2";
				TEST_HOST = "$(BUILT_PRODUCTS_DIR)/GithubSearch.app/$(BUNDLE_EXECUTABLE_FOLDER_PATH)/GithubSearch";
			};
			name = Release;
		};
		DE2A97EC2BE9F80000D04534 /* Debug */ = {
			isa = XCBuildConfiguration;
			buildSettings = {
				ALWAYS_EMBED_SWIFT_STANDARD_LIBRARIES = YES;
				CODE_SIGN_STYLE = Automatic;
				CURRENT_PROJECT_VERSION = 1;
				GENERATE_INFOPLIST_FILE = YES;
				MARKETING_VERSION = 1.0;
				PRODUCT_BUNDLE_IDENTIFIER = com.jc.GithubSearchUITests;
				PRODUCT_NAME = "$(TARGET_NAME)";
				SWIFT_EMIT_LOC_STRINGS = NO;
				SWIFT_VERSION = 5.0;
				TARGETED_DEVICE_FAMILY = "1,2";
				TEST_TARGET_NAME = GithubSearch;
			};
			name = Debug;
		};
		DE2A97ED2BE9F80000D04534 /* Release */ = {
			isa = XCBuildConfiguration;
			buildSettings = {
				ALWAYS_EMBED_SWIFT_STANDARD_LIBRARIES = YES;
				CODE_SIGN_STYLE = Automatic;
				CURRENT_PROJECT_VERSION = 1;
				GENERATE_INFOPLIST_FILE = YES;
				MARKETING_VERSION = 1.0;
				PRODUCT_BUNDLE_IDENTIFIER = com.jc.GithubSearchUITests;
				PRODUCT_NAME = "$(TARGET_NAME)";
				SWIFT_EMIT_LOC_STRINGS = NO;
				SWIFT_VERSION = 5.0;
				TARGETED_DEVICE_FAMILY = "1,2";
				TEST_TARGET_NAME = GithubSearch;
			};
			name = Release;
		};
/* End XCBuildConfiguration section */

/* Begin XCConfigurationList section */
		DE2A97B62BE9F7FD00D04534 /* Build configuration list for PBXProject "GithubSearch" */ = {
			isa = XCConfigurationList;
			buildConfigurations = (
				DE2A97E32BE9F80000D04534 /* Debug */,
				DE2A97E42BE9F80000D04534 /* Release */,
			);
			defaultConfigurationIsVisible = 0;
			defaultConfigurationName = Release;
		};
		DE2A97E52BE9F80000D04534 /* Build configuration list for PBXNativeTarget "GithubSearch" */ = {
			isa = XCConfigurationList;
			buildConfigurations = (
				DE2A97E62BE9F80000D04534 /* Debug */,
				DE2A97E72BE9F80000D04534 /* Release */,
			);
			defaultConfigurationIsVisible = 0;
			defaultConfigurationName = Release;
		};
		DE2A97E82BE9F80000D04534 /* Build configuration list for PBXNativeTarget "GithubSearchTests" */ = {
			isa = XCConfigurationList;
			buildConfigurations = (
				DE2A97E92BE9F80000D04534 /* Debug */,
				DE2A97EA2BE9F80000D04534 /* Release */,
			);
			defaultConfigurationIsVisible = 0;
			defaultConfigurationName = Release;
		};
		DE2A97EB2BE9F80000D04534 /* Build configuration list for PBXNativeTarget "GithubSearchUITests" */ = {
			isa = XCConfigurationList;
			buildConfigurations = (
				DE2A97EC2BE9F80000D04534 /* Debug */,
				DE2A97ED2BE9F80000D04534 /* Release */,
			);
			defaultConfigurationIsVisible = 0;
			defaultConfigurationName = Release;
		};
/* End XCConfigurationList section */

/* Begin XCRemoteSwiftPackageReference section */
		09DEABDA2BEBA08C004246E8 /* XCRemoteSwiftPackageReference "Kingfisher" */ = {
			isa = XCRemoteSwiftPackageReference;
			repositoryURL = "https://github.com/onevcat/Kingfisher";
			requirement = {
				kind = upToNextMajorVersion;
				minimumVersion = 7.11.0;
			};
		};
		DE2A98032BE9FF4D00D04534 /* XCRemoteSwiftPackageReference "Moya" */ = {
			isa = XCRemoteSwiftPackageReference;
			repositoryURL = "https://github.com/Moya/Moya";
			requirement = {
				kind = upToNextMajorVersion;
				minimumVersion = 15.0.3;
			};
		};
		DE2A980C2BE9FF7800D04534 /* XCRemoteSwiftPackageReference "Then" */ = {
			isa = XCRemoteSwiftPackageReference;
			repositoryURL = "https://github.com/devxoul/Then.git";
			requirement = {
				kind = upToNextMajorVersion;
				minimumVersion = 3.0.0;
			};
		};
		DE2A980F2BE9FF8F00D04534 /* XCRemoteSwiftPackageReference "SnapKit" */ = {
			isa = XCRemoteSwiftPackageReference;
			repositoryURL = "https://github.com/SnapKit/SnapKit";
			requirement = {
				kind = upToNextMajorVersion;
				minimumVersion = 5.7.1;
			};
		};
		DE2A98152BEA002100D04534 /* XCRemoteSwiftPackageReference "RxSwift" */ = {
			isa = XCRemoteSwiftPackageReference;
			repositoryURL = "https://github.com/ReactiveX/RxSwift";
			requirement = {
				kind = upToNextMajorVersion;
				minimumVersion = 6.7.1;
			};
		};
/* End XCRemoteSwiftPackageReference section */

/* Begin XCSwiftPackageProductDependency section */
		09DEABDB2BEBA08C004246E8 /* Kingfisher */ = {
			isa = XCSwiftPackageProductDependency;
			package = 09DEABDA2BEBA08C004246E8 /* XCRemoteSwiftPackageReference "Kingfisher" */;
			productName = Kingfisher;
		};
		DE2A98042BE9FF4D00D04534 /* CombineMoya */ = {
			isa = XCSwiftPackageProductDependency;
			package = DE2A98032BE9FF4D00D04534 /* XCRemoteSwiftPackageReference "Moya" */;
			productName = CombineMoya;
		};
		DE2A98062BE9FF4D00D04534 /* Moya */ = {
			isa = XCSwiftPackageProductDependency;
			package = DE2A98032BE9FF4D00D04534 /* XCRemoteSwiftPackageReference "Moya" */;
			productName = Moya;
		};
		DE2A98082BE9FF4D00D04534 /* ReactiveMoya */ = {
			isa = XCSwiftPackageProductDependency;
			package = DE2A98032BE9FF4D00D04534 /* XCRemoteSwiftPackageReference "Moya" */;
			productName = ReactiveMoya;
		};
		DE2A980A2BE9FF4D00D04534 /* RxMoya */ = {
			isa = XCSwiftPackageProductDependency;
			package = DE2A98032BE9FF4D00D04534 /* XCRemoteSwiftPackageReference "Moya" */;
			productName = RxMoya;
		};
		DE2A980D2BE9FF7800D04534 /* Then */ = {
			isa = XCSwiftPackageProductDependency;
			package = DE2A980C2BE9FF7800D04534 /* XCRemoteSwiftPackageReference "Then" */;
			productName = Then;
		};
		DE2A98102BE9FF8F00D04534 /* SnapKit */ = {
			isa = XCSwiftPackageProductDependency;
			package = DE2A980F2BE9FF8F00D04534 /* XCRemoteSwiftPackageReference "SnapKit" */;
			productName = SnapKit;
		};
		DE2A98162BEA002100D04534 /* RxBlocking */ = {
			isa = XCSwiftPackageProductDependency;
			package = DE2A98152BEA002100D04534 /* XCRemoteSwiftPackageReference "RxSwift" */;
			productName = RxBlocking;
		};
		DE2A98182BEA002100D04534 /* RxCocoa */ = {
			isa = XCSwiftPackageProductDependency;
			package = DE2A98152BEA002100D04534 /* XCRemoteSwiftPackageReference "RxSwift" */;
			productName = RxCocoa;
		};
		DE2A981A2BEA002100D04534 /* RxRelay */ = {
			isa = XCSwiftPackageProductDependency;
			package = DE2A98152BEA002100D04534 /* XCRemoteSwiftPackageReference "RxSwift" */;
			productName = RxRelay;
		};
/* End XCSwiftPackageProductDependency section */
	};
	rootObject = DE2A97B32BE9F7FD00D04534 /* Project object */;
}
